
Microsoft Visual Studio Solution File, Format Version 12.00
# Visual Studio Version 17
VisualStudioVersion = 17.11.35327.3
MinimumVisualStudioVersion = 10.0.40219.1
Project("{F184B08F-C81C-45F6-A57F-5ABD9991F28F}") = "calcule2", "calcule2.vbproj", "{CFC42E5B-2293-4D4C-8315-E276D048DD6D}"
EndProject
Global
	GlobalSection(SolutionConfigurationPlatforms) = preSolution
		Debug|Any CPU = Debug|Any CPU
		Release|Any CPU = Release|Any CPU
	EndGlobalSection
	GlobalSection(ProjectConfigurationPlatforms) = postSolution
		{CFC42E5B-2293-4D4C-8315-E276D048DD6D}.Debug|Any CPU.ActiveCfg = Debug|Any CPU
		{CFC42E5B-2293-4D4C-8315-E276D048DD6D}.Debug|Any CPU.Build.0 = Debug|Any CPU
		{CFC42E5B-2293-4D4C-8315-E276D048DD6D}.Release|Any CPU.ActiveCfg = Release|Any CPU
		{CFC42E5B-2293-4D4C-8315-E276D048DD6D}.Release|Any CPU.Build.0 = Release|Any CPU
	EndGlobalSection
	GlobalSection(SolutionProperties) = preSolution
		HideSolutionNode = FALSE
	EndGlobalSection
	GlobalSection(ExtensibilityGlobals) = postSolution
		SolutionGuid = {6071A65A-7A30-48DE-B171-5C1BCB66CABF}
	EndGlobalSection
EndGlobal
